
Microsoft Visual Studio Solution File, Format Version 12.00
# Visual Studio Version 16
VisualStudioVersion = 16.0.30225.117
MinimumVisualStudioVersion = 10.0.40219.1
Project("{FAE04EC0-301F-11D3-BF4B-00C04F79EFBC}") = "BikeShopApp", "BikeShopApp.csproj", "{3E4DC6B2-DCAE-45AD-BF25-086C4605883E}"
EndProject
Global
	GlobalSection(SolutionConfigurationPlatforms) = preSolution
		Debug|Any CPU = Debug|Any CPU
		Release|Any CPU = Release|Any CPU
	EndGlobalSection
	GlobalSection(ProjectConfigurationPlatforms) = postSolution
		{3E4DC6B2-DCAE-45AD-BF25-086C4605883E}.Debug|Any CPU.ActiveCfg = Debug|Any CPU
		{3E4DC6B2-DCAE-45AD-BF25-086C4605883E}.Debug|Any CPU.Build.0 = Debug|Any CPU
		{3E4DC6B2-DCAE-45AD-BF25-086C4605883E}.Release|Any CPU.ActiveCfg = Release|Any CPU
		{3E4DC6B2-DCAE-45AD-BF25-086C4605883E}.Release|Any CPU.Build.0 = Release|Any CPU
	EndGlobalSection
	GlobalSection(SolutionProperties) = preSolution
		HideSolutionNode = FALSE
	EndGlobalSection
	GlobalSection(ExtensibilityGlobals) = postSolution
		SolutionGuid = {6187A755-98B8-4D82-BEF9-414A94BF6C06}
	EndGlobalSection
EndGlobal
