
Microsoft Visual Studio Solution File, Format Version 12.00
# Visual Studio Version 16
VisualStudioVersion = 16.0.30225.117
MinimumVisualStudioVersion = 10.0.40219.1
Project("{FAE04EC0-301F-11D3-BF4B-00C04F79EFBC}") = "PrisimSolutionApp1", "PrisimSolutionApp1\PrisimSolutionApp1.csproj", "{2D7ED0C5-7B5E-4F54-92F5-BDF79AC75FEB}"
EndProject
Global
	GlobalSection(SolutionConfigurationPlatforms) = preSolution
		Debug|Any CPU = Debug|Any CPU
		Release|Any CPU = Release|Any CPU
	EndGlobalSection
	GlobalSection(ProjectConfigurationPlatforms) = postSolution
		{2D7ED0C5-7B5E-4F54-92F5-BDF79AC75FEB}.Debug|Any CPU.ActiveCfg = Debug|Any CPU
		{2D7ED0C5-7B5E-4F54-92F5-BDF79AC75FEB}.Debug|Any CPU.Build.0 = Debug|Any CPU
		{2D7ED0C5-7B5E-4F54-92F5-BDF79AC75FEB}.Release|Any CPU.ActiveCfg = Release|Any CPU
		{2D7ED0C5-7B5E-4F54-92F5-BDF79AC75FEB}.Release|Any CPU.Build.0 = Release|Any CPU
	EndGlobalSection
	GlobalSection(SolutionProperties) = preSolution
		HideSolutionNode = FALSE
	EndGlobalSection
	GlobalSection(ExtensibilityGlobals) = postSolution
		SolutionGuid = {91726A85-5AD3-4E21-A3BA-5594EA431190}
	EndGlobalSection
EndGlobal
