
Microsoft Visual Studio Solution File, Format Version 12.00
# Visual Studio Version 16
VisualStudioVersion = 16.0.30225.117
MinimumVisualStudioVersion = 10.0.40219.1
Project("{FAE04EC0-301F-11D3-BF4B-00C04F79EFBC}") = "FirstPrismApp", "FirstPrismApp\FirstPrismApp.csproj", "{19B223B5-E040-4663-AF47-D411776FACD8}"
EndProject
Global
	GlobalSection(SolutionConfigurationPlatforms) = preSolution
		Debug|Any CPU = Debug|Any CPU
		Release|Any CPU = Release|Any CPU
	EndGlobalSection
	GlobalSection(ProjectConfigurationPlatforms) = postSolution
		{19B223B5-E040-4663-AF47-D411776FACD8}.Debug|Any CPU.ActiveCfg = Debug|Any CPU
		{19B223B5-E040-4663-AF47-D411776FACD8}.Debug|Any CPU.Build.0 = Debug|Any CPU
		{19B223B5-E040-4663-AF47-D411776FACD8}.Release|Any CPU.ActiveCfg = Release|Any CPU
		{19B223B5-E040-4663-AF47-D411776FACD8}.Release|Any CPU.Build.0 = Release|Any CPU
	EndGlobalSection
	GlobalSection(SolutionProperties) = preSolution
		HideSolutionNode = FALSE
	EndGlobalSection
	GlobalSection(ExtensibilityGlobals) = postSolution
		SolutionGuid = {6BDEE88F-FC86-4321-8D46-1DDE8198E2C3}
	EndGlobalSection
EndGlobal
